
Microsoft Visual Studio Solution File, Format Version 12.00
# Visual Studio 15
VisualStudioVersion = 15.0.27130.2026
MinimumVisualStudioVersion = 10.0.40219.1
Project("{FAE04EC0-301F-11D3-BF4B-00C04F79EFBC}") = "ScoroTask", "ScoroTask\ScoroTask.csproj", "{24A7DCE4-5972-49D3-823C-51F7642BC78C}"
EndProject
Project("{FAE04EC0-301F-11D3-BF4B-00C04F79EFBC}") = "ScorocodeUWP", "ScorocodeUWP\ScorocodeUWP.csproj", "{B918D6F8-28F7-444D-A0BC-75BE04FFE185}"
EndProject
Project("{FAE04EC0-301F-11D3-BF4B-00C04F79EFBC}") = "Retrofit2", "Retrofit2\Retrofit2.csproj", "{ADC3B85C-BED2-40DD-A56E-E7E0C73CC87A}"
EndProject
Project("{FAE04EC0-301F-11D3-BF4B-00C04F79EFBC}") = "UnitTestProject1", "UnitTestProject1\UnitTestProject1.csproj", "{1FC528A1-EA2F-42DB-822B-ED4DABEB2FA6}"
EndProject
Global
	GlobalSection(SolutionConfigurationPlatforms) = preSolution
		Debug|Any CPU = Debug|Any CPU
		Debug|ARM = Debug|ARM
		Debug|x64 = Debug|x64
		Debug|x86 = Debug|x86
		Release|Any CPU = Release|Any CPU
		Release|ARM = Release|ARM
		Release|x64 = Release|x64
		Release|x86 = Release|x86
	EndGlobalSection
	GlobalSection(ProjectConfigurationPlatforms) = postSolution
		{24A7DCE4-5972-49D3-823C-51F7642BC78C}.Debug|Any CPU.ActiveCfg = Debug|x64
		{24A7DCE4-5972-49D3-823C-51F7642BC78C}.Debug|Any CPU.Build.0 = Debug|x64
		{24A7DCE4-5972-49D3-823C-51F7642BC78C}.Debug|Any CPU.Deploy.0 = Debug|x64
		{24A7DCE4-5972-49D3-823C-51F7642BC78C}.Debug|ARM.ActiveCfg = Debug|ARM
		{24A7DCE4-5972-49D3-823C-51F7642BC78C}.Debug|ARM.Build.0 = Debug|ARM
		{24A7DCE4-5972-49D3-823C-51F7642BC78C}.Debug|ARM.Deploy.0 = Debug|ARM
		{24A7DCE4-5972-49D3-823C-51F7642BC78C}.Debug|x64.ActiveCfg = Debug|x64
		{24A7DCE4-5972-49D3-823C-51F7642BC78C}.Debug|x64.Build.0 = Debug|x64
		{24A7DCE4-5972-49D3-823C-51F7642BC78C}.Debug|x64.Deploy.0 = Debug|x64
		{24A7DCE4-5972-49D3-823C-51F7642BC78C}.Debug|x86.ActiveCfg = Debug|x86
		{24A7DCE4-5972-49D3-823C-51F7642BC78C}.Debug|x86.Build.0 = Debug|x86
		{24A7DCE4-5972-49D3-823C-51F7642BC78C}.Debug|x86.Deploy.0 = Debug|x86
		{24A7DCE4-5972-49D3-823C-51F7642BC78C}.Release|Any CPU.ActiveCfg = Release|x86
		{24A7DCE4-5972-49D3-823C-51F7642BC78C}.Release|ARM.ActiveCfg = Release|ARM
		{24A7DCE4-5972-49D3-823C-51F7642BC78C}.Release|ARM.Build.0 = Release|ARM
		{24A7DCE4-5972-49D3-823C-51F7642BC78C}.Release|ARM.Deploy.0 = Release|ARM
		{24A7DCE4-5972-49D3-823C-51F7642BC78C}.Release|x64.ActiveCfg = Release|x64
		{24A7DCE4-5972-49D3-823C-51F7642BC78C}.Release|x64.Build.0 = Release|x64
		{24A7DCE4-5972-49D3-823C-51F7642BC78C}.Release|x64.Deploy.0 = Release|x64
		{24A7DCE4-5972-49D3-823C-51F7642BC78C}.Release|x86.ActiveCfg = Release|x86
		{24A7DCE4-5972-49D3-823C-51F7642BC78C}.Release|x86.Build.0 = Release|x86
		{24A7DCE4-5972-49D3-823C-51F7642BC78C}.Release|x86.Deploy.0 = Release|x86
		{B918D6F8-28F7-444D-A0BC-75BE04FFE185}.Debug|Any CPU.ActiveCfg = Debug|Any CPU
		{B918D6F8-28F7-444D-A0BC-75BE04FFE185}.Debug|Any CPU.Build.0 = Debug|Any CPU
		{B918D6F8-28F7-444D-A0BC-75BE04FFE185}.Debug|ARM.ActiveCfg = Debug|ARM
		{B918D6F8-28F7-444D-A0BC-75BE04FFE185}.Debug|ARM.Build.0 = Debug|ARM
		{B918D6F8-28F7-444D-A0BC-75BE04FFE185}.Debug|x64.ActiveCfg = Debug|x64
		{B918D6F8-28F7-444D-A0BC-75BE04FFE185}.Debug|x64.Build.0 = Debug|x64
		{B918D6F8-28F7-444D-A0BC-75BE04FFE185}.Debug|x86.ActiveCfg = Debug|x86
		{B918D6F8-28F7-444D-A0BC-75BE04FFE185}.Debug|x86.Build.0 = Debug|x86
		{B918D6F8-28F7-444D-A0BC-75BE04FFE185}.Release|Any CPU.ActiveCfg = Release|Any CPU
		{B918D6F8-28F7-444D-A0BC-75BE04FFE185}.Release|Any CPU.Build.0 = Release|Any CPU
		{B918D6F8-28F7-444D-A0BC-75BE04FFE185}.Release|ARM.ActiveCfg = Release|ARM
		{B918D6F8-28F7-444D-A0BC-75BE04FFE185}.Release|ARM.Build.0 = Release|ARM
		{B918D6F8-28F7-444D-A0BC-75BE04FFE185}.Release|x64.ActiveCfg = Release|x64
		{B918D6F8-28F7-444D-A0BC-75BE04FFE185}.Release|x64.Build.0 = Release|x64
		{B918D6F8-28F7-444D-A0BC-75BE04FFE185}.Release|x86.ActiveCfg = Release|x86
		{B918D6F8-28F7-444D-A0BC-75BE04FFE185}.Release|x86.Build.0 = Release|x86
		{ADC3B85C-BED2-40DD-A56E-E7E0C73CC87A}.Debug|Any CPU.ActiveCfg = Debug|Any CPU
		{ADC3B85C-BED2-40DD-A56E-E7E0C73CC87A}.Debug|Any CPU.Build.0 = Debug|Any CPU
		{ADC3B85C-BED2-40DD-A56E-E7E0C73CC87A}.Debug|ARM.ActiveCfg = Debug|ARM
		{ADC3B85C-BED2-40DD-A56E-E7E0C73CC87A}.Debug|ARM.Build.0 = Debug|ARM
		{ADC3B85C-BED2-40DD-A56E-E7E0C73CC87A}.Debug|x64.ActiveCfg = Debug|x64
		{ADC3B85C-BED2-40DD-A56E-E7E0C73CC87A}.Debug|x64.Build.0 = Debug|x64
		{ADC3B85C-BED2-40DD-A56E-E7E0C73CC87A}.Debug|x86.ActiveCfg = Debug|x86
		{ADC3B85C-BED2-40DD-A56E-E7E0C73CC87A}.Debug|x86.Build.0 = Debug|x86
		{ADC3B85C-BED2-40DD-A56E-E7E0C73CC87A}.Release|Any CPU.ActiveCfg = Release|Any CPU
		{ADC3B85C-BED2-40DD-A56E-E7E0C73CC87A}.Release|Any CPU.Build.0 = Release|Any CPU
		{ADC3B85C-BED2-40DD-A56E-E7E0C73CC87A}.Release|ARM.ActiveCfg = Release|ARM
		{ADC3B85C-BED2-40DD-A56E-E7E0C73CC87A}.Release|ARM.Build.0 = Release|ARM
		{ADC3B85C-BED2-40DD-A56E-E7E0C73CC87A}.Release|x64.ActiveCfg = Release|x64
		{ADC3B85C-BED2-40DD-A56E-E7E0C73CC87A}.Release|x64.Build.0 = Release|x64
		{ADC3B85C-BED2-40DD-A56E-E7E0C73CC87A}.Release|x86.ActiveCfg = Release|x86
		{ADC3B85C-BED2-40DD-A56E-E7E0C73CC87A}.Release|x86.Build.0 = Release|x86
		{1FC528A1-EA2F-42DB-822B-ED4DABEB2FA6}.Debug|Any CPU.ActiveCfg = Debug|x86
		{1FC528A1-EA2F-42DB-822B-ED4DABEB2FA6}.Debug|ARM.ActiveCfg = Debug|ARM
		{1FC528A1-EA2F-42DB-822B-ED4DABEB2FA6}.Debug|ARM.Build.0 = Debug|ARM
		{1FC528A1-EA2F-42DB-822B-ED4DABEB2FA6}.Debug|ARM.Deploy.0 = Debug|ARM
		{1FC528A1-EA2F-42DB-822B-ED4DABEB2FA6}.Debug|x64.ActiveCfg = Debug|x64
		{1FC528A1-EA2F-42DB-822B-ED4DABEB2FA6}.Debug|x64.Build.0 = Debug|x64
		{1FC528A1-EA2F-42DB-822B-ED4DABEB2FA6}.Debug|x64.Deploy.0 = Debug|x64
		{1FC528A1-EA2F-42DB-822B-ED4DABEB2FA6}.Debug|x86.ActiveCfg = Debug|x86
		{1FC528A1-EA2F-42DB-822B-ED4DABEB2FA6}.Debug|x86.Build.0 = Debug|x86
		{1FC528A1-EA2F-42DB-822B-ED4DABEB2FA6}.Debug|x86.Deploy.0 = Debug|x86
		{1FC528A1-EA2F-42DB-822B-ED4DABEB2FA6}.Release|Any CPU.ActiveCfg = Release|x86
		{1FC528A1-EA2F-42DB-822B-ED4DABEB2FA6}.Release|ARM.ActiveCfg = Release|ARM
		{1FC528A1-EA2F-42DB-822B-ED4DABEB2FA6}.Release|ARM.Build.0 = Release|ARM
		{1FC528A1-EA2F-42DB-822B-ED4DABEB2FA6}.Release|ARM.Deploy.0 = Release|ARM
		{1FC528A1-EA2F-42DB-822B-ED4DABEB2FA6}.Release|x64.ActiveCfg = Release|x64
		{1FC528A1-EA2F-42DB-822B-ED4DABEB2FA6}.Release|x64.Build.0 = Release|x64
		{1FC528A1-EA2F-42DB-822B-ED4DABEB2FA6}.Release|x64.Deploy.0 = Release|x64
		{1FC528A1-EA2F-42DB-822B-ED4DABEB2FA6}.Release|x86.ActiveCfg = Release|x86
		{1FC528A1-EA2F-42DB-822B-ED4DABEB2FA6}.Release|x86.Build.0 = Release|x86
		{1FC528A1-EA2F-42DB-822B-ED4DABEB2FA6}.Release|x86.Deploy.0 = Release|x86
	EndGlobalSection
	GlobalSection(SolutionProperties) = preSolution
		HideSolutionNode = FALSE
	EndGlobalSection
	GlobalSection(ExtensibilityGlobals) = postSolution
		SolutionGuid = {768BA08D-30AA-4884-AAD1-D11960076B4F}
	EndGlobalSection
EndGlobal
