
Microsoft Visual Studio Solution File, Format Version 12.00
# Visual Studio 15
VisualStudioVersion = 15.0.27130.2026
MinimumVisualStudioVersion = 10.0.40219.1
Project("{FAE04EC0-301F-11D3-BF4B-00C04F79EFBC}") = "ScoroTask", "ScoroTask\ScoroTask.csproj", "{DC994D70-B047-4E49-A80A-7B94F7CA9907}"
EndProject
Global
	GlobalSection(SolutionConfigurationPlatforms) = preSolution
		Debug|ARM = Debug|ARM
		Debug|x64 = Debug|x64
		Debug|x86 = Debug|x86
		Release|ARM = Release|ARM
		Release|x64 = Release|x64
		Release|x86 = Release|x86
	EndGlobalSection
	GlobalSection(ProjectConfigurationPlatforms) = postSolution
		{DC994D70-B047-4E49-A80A-7B94F7CA9907}.Debug|ARM.ActiveCfg = Debug|ARM
		{DC994D70-B047-4E49-A80A-7B94F7CA9907}.Debug|ARM.Build.0 = Debug|ARM
		{DC994D70-B047-4E49-A80A-7B94F7CA9907}.Debug|ARM.Deploy.0 = Debug|ARM
		{DC994D70-B047-4E49-A80A-7B94F7CA9907}.Debug|x64.ActiveCfg = Debug|x64
		{DC994D70-B047-4E49-A80A-7B94F7CA9907}.Debug|x64.Build.0 = Debug|x64
		{DC994D70-B047-4E49-A80A-7B94F7CA9907}.Debug|x64.Deploy.0 = Debug|x64
		{DC994D70-B047-4E49-A80A-7B94F7CA9907}.Debug|x86.ActiveCfg = Debug|x86
		{DC994D70-B047-4E49-A80A-7B94F7CA9907}.Debug|x86.Build.0 = Debug|x86
		{DC994D70-B047-4E49-A80A-7B94F7CA9907}.Debug|x86.Deploy.0 = Debug|x86
		{DC994D70-B047-4E49-A80A-7B94F7CA9907}.Release|ARM.ActiveCfg = Release|ARM
		{DC994D70-B047-4E49-A80A-7B94F7CA9907}.Release|ARM.Build.0 = Release|ARM
		{DC994D70-B047-4E49-A80A-7B94F7CA9907}.Release|ARM.Deploy.0 = Release|ARM
		{DC994D70-B047-4E49-A80A-7B94F7CA9907}.Release|x64.ActiveCfg = Release|x64
		{DC994D70-B047-4E49-A80A-7B94F7CA9907}.Release|x64.Build.0 = Release|x64
		{DC994D70-B047-4E49-A80A-7B94F7CA9907}.Release|x64.Deploy.0 = Release|x64
		{DC994D70-B047-4E49-A80A-7B94F7CA9907}.Release|x86.ActiveCfg = Release|x86
		{DC994D70-B047-4E49-A80A-7B94F7CA9907}.Release|x86.Build.0 = Release|x86
		{DC994D70-B047-4E49-A80A-7B94F7CA9907}.Release|x86.Deploy.0 = Release|x86
	EndGlobalSection
	GlobalSection(SolutionProperties) = preSolution
		HideSolutionNode = FALSE
	EndGlobalSection
	GlobalSection(ExtensibilityGlobals) = postSolution
		SolutionGuid = {5420682A-5C5A-4C5D-8EBC-D2F9A8CF1DE1}
	EndGlobalSection
EndGlobal
